{
  "nodes": {
    "chaotic": {
      "inputs": {
        "flake-schemas": "flake-schemas",
        "home-manager": "home-manager",
        "nixpkgs": [
          "nixpkgs"
        ]
      },
      "locked": {
        "lastModified": 1789232619,
        "narHash": "sha256-8pyRIm67V5dtVN3A4Mu0e2a7DIhUhWp6y3NSVS6WBwU=",
        "owner": "chaotic-cx",
        "repo": "nyx",
        "rev": "0265d6932168aef12c47f03a565786410ba877e0",
        "type": "github"
      },
      "original": {
        "owner": "chaotic-cx",
        "ref": "nyxpkgs-unstable",
        "repo": "nyx",
        "type": "github"
      }
    },
    "flake-schemas": {
      "locked": {
        "lastModified": 1780327564,
        "narHash": "sha256-HiRPtA0spK+Dkgbhz/1zW9glXxNVB+L4Rj2VYmdawb8=",
        "rev": "6cc9bd98891b1fc6bb2b8cb3277df8bc72799ca6",
        "revCount": 149,
        "type": "tarball",
        "url": "https://api.flakehub.com/f/pinned/DeterminateSystems/flake-schemas/0.5.0/019e83cf-9af3-78b1-ac5b-70e68ad1efe1/source.tar.gz"
      },
      "original": {
        "type": "tarball",
        "url": "https://flakehub.com/f/DeterminateSystems/flake-schemas/%3D0.5.0.tar.gz"
      }
    },
    "home-manager": {
      "inputs": {
        "nixpkgs": [
          "chaotic",
          "nixpkgs"
        ]
      },
      "locked": {
        "lastModified": 1789183968,
        "narHash": "sha256-pEWnYdIF1pBMZwarp/rEPzl+Lknhm5hhjSfeLxH8nAA=",
        "owner": "nix-community",
        "repo": "home-manager",
        "rev": "cd1c9e552f41894aeb5cc5cb353d5a1d61550357",
        "type": "github"
      },
      "original": {
        "owner": "nix-community",
        "repo": "home-manager",
        "type": "github"
      }
    },
    "home-manager_2": {
      "inputs": {
        "nixpkgs": [
          "nixpkgs"
        ]
      },
      "locked": {
        "lastModified": 1778937626,
        "narHash": "sha256-OzLAT0G96WlT/WWaNdkTvQ7E9ohq9h0xQTdL1oe3gm0=",
        "owner": "nix-community",
        "repo": "home-manager",
        "rev": "d5ece85b6d3d6b5ab5a514b2785fb952b629bfea",
        "type": "github"
      },
      "original": {
        "owner": "nix-community",
        "repo": "home-manager",
        "type": "github"
      }
    },
    "nixpkgs": {
      "locked": {
        "lastModified": 1778443072,
        "narHash": "sha256-zi7/fsqM/kFdNuED//4WOCUtezGtKKqRNORjMvfwjnA=",
        "owner": "nixos",
        "repo": "nixpkgs",
        "rev": "da5ad661ba4e5ef59ba743f0d112cbc30e474f32",
        "type": "github"
      },
      "original": {
        "owner": "nixos",
        "ref": "nixos-unstable",
        "repo": "nixpkgs",
        "type": "github"
      }
    },
    "nixpkgs_2": {
      "locked": {
        "lastModified": 1789785513,
        "narHash": "sha256-BMbikTjbh5H7ac/OjwGoJrlooh4dgNqhs51ABM83M7g=",
        "rev": "20b1ddd1aa5ace70c9468305030aa4f9ef79671b",
        "type": "tarball",
        "url": "https://releases.nixos.org/nixos/unstable/nixos-26.11pre1076192.20b1ddd1aa5a/nixexprs.tar.zst"
      },
      "original": {
        "type": "tarball",
        "url": "https://channels.nixos.org/nixos-unstable/nixexprs.tar.zst"
      }
    },
    "nixpkgs_3": {
      "locked": {
        "lastModified": 1782467914,
        "narHash": "sha256-pGvFkM8N0xEkIIXDe5YYfbEAvHrk4IxBrjB/x8OomhE=",
        "owner": "NixOS",
        "repo": "nixpkgs",
        "rev": "e73de5be04e0eff4190a1432b946d469c794e7b4",
        "type": "github"
      },
      "original": {
        "owner": "NixOS",
        "ref": "nixos-unstable",
        "repo": "nixpkgs",
        "type": "github"
      }
    },
    "noctalia": {
      "inputs": {
        "nixpkgs": "nixpkgs_2"
      },
      "locked": {
        "lastModified": 1790104132,
        "narHash": "sha256-yvcudrhnWvWSFS2ujWxAJ7CVdgdiZs2BDGbgn38p1l0=",
        "owner": "noctalia-dev",
        "repo": "noctalia",
        "rev": "61aa22730c434500fd3f2048eba47658b1f20aad",
        "type": "github"
      },
      "original": {
        "owner": "noctalia-dev",
        "ref": "cachix",
        "repo": "noctalia",
        "type": "github"
      }
    },
    "private": {
      "flake": false,
      "locked": {
        "lastModified": 1789190751,
        "narHash": "sha256-8mHAVQmXHyBNX18+x3vUIKZiHVDkh+t5dXd/WlowasU=",
        "path": "/home/great/.config/nixos-local",
        "type": "path"
      },
      "original": {
        "path": "/home/great/.config/nixos-local",
        "type": "path"
      }
    },
    "root": {
      "inputs": {
        "chaotic": "chaotic",
        "home-manager": "home-manager_2",
        "nixpkgs": "nixpkgs",
        "noctalia": "noctalia",
        "private": "private",
        "torlink": "torlink"
      }
    },
    "torlink": {
      "inputs": {
        "nixpkgs": "nixpkgs_3"
      },
      "locked": {
        "lastModified": 1783992113,
        "narHash": "sha256-SInUhFWS90vz5PI1l+4dKiUuIeFVN3vpQNuKO01vRmU=",
        "owner": "baairon",
        "repo": "torlink",
        "rev": "e1739f8d6e4da07995b4b40376047a1946df92bc",
        "type": "github"
      },
      "original": {
        "owner": "baairon",
        "repo": "torlink",
        "type": "github"
      }
    }
  },
  "root": "root",
  "version": 7
}
